Microsoft Visual Studio Solution File, Format Version 11.00
# Visual Studio 2008

Project("{E967DABC-C508-2476-2BAB-5E37EFD2299C}") = "SlenderKlon", "Assembly-CSharp-firstpass-vs.csproj", "{646AC6CB-3185-DDC4-FAF2-3F5BC0C14448}"
EndProject
Project("{E967DABC-C508-2476-2BAB-5E37EFD2299C}") = "SlenderKlon", "Assembly-CSharp-vs.csproj", "{EDAC0CCA-6D8E-CC5E-30B0-B35176B57550}"
EndProject
Global
	GlobalSection(SolutionConfigurationPlatforms) = preSolution
		Debug|Any CPU = Debug|Any CPU
		Release|Any CPU = Release|Any CPU
	EndGlobalSection
	GlobalSection(ProjectConfigurationPlatforms) = postSolution
		{646AC6CB-3185-DDC4-FAF2-3F5BC0C14448}.Debug|Any CPU.ActiveCfg = Debug|Any CPU
		{646AC6CB-3185-DDC4-FAF2-3F5BC0C14448}.Debug|Any CPU.Build.0 = Debug|Any CPU
		{646AC6CB-3185-DDC4-FAF2-3F5BC0C14448}.Release|Any CPU.ActiveCfg = Release|Any CPU
		{646AC6CB-3185-DDC4-FAF2-3F5BC0C14448}.Release|Any CPU.Build.0 = Release|Any CPU
		{EDAC0CCA-6D8E-CC5E-30B0-B35176B57550}.Debug|Any CPU.ActiveCfg = Debug|Any CPU
		{EDAC0CCA-6D8E-CC5E-30B0-B35176B57550}.Debug|Any CPU.Build.0 = Debug|Any CPU
		{EDAC0CCA-6D8E-CC5E-30B0-B35176B57550}.Release|Any CPU.ActiveCfg = Release|Any CPU
		{EDAC0CCA-6D8E-CC5E-30B0-B35176B57550}.Release|Any CPU.Build.0 = Release|Any CPU
	EndGlobalSection
	GlobalSection(SolutionProperties) = preSolution
		HideSolutionNode = FALSE
	EndGlobalSection
																									GlobalSection(MonoDevelopProperties) = preSolution
		StartupItem = Assembly-CSharp.csproj
		Policies = $0
		$0.TextStylePolicy = $1
		$1.inheritsSet = null
		$1.scope = text/x-csharp
		$0.CSharpFormattingPolicy = $2
		$2.inheritsSet = Mono
		$2.inheritsScope = text/x-csharp
		$2.scope = text/x-csharp
		$0.TextStylePolicy = $3
		$3.FileWidth = 120
		$3.TabWidth = 4
		$3.EolMarker = Unix
		$3.inheritsSet = Mono
		$3.inheritsScope = text/plain
		$3.scope = text/plain
	EndGlobalSection

EndGlobal
