
Microsoft Visual Studio Solution File, Format Version 12.00
# Visual Studio 2015
Project("{FAE04EC0-301F-11D3-BF4B-00C04F79EFBC}") = "SlenderKlon.Plugins", "SlenderKlon.Plugins.csproj", "{5EAB28EB-9F2B-DA40-8261-6BF1D745AD24}"
EndProject
Project("{FAE04EC0-301F-11D3-BF4B-00C04F79EFBC}") = "SlenderKlon", "SlenderKlon.csproj", "{27B4314F-6DE4-E980-4E13-9F148ED62F97}"
EndProject
Global
	GlobalSection(SolutionConfigurationPlatforms) = preSolution
		Debug|Any CPU = Debug|Any CPU
		Release|Any CPU = Release|Any CPU
	EndGlobalSection
	GlobalSection(ProjectConfigurationPlatforms) = postSolution
		{5EAB28EB-9F2B-DA40-8261-6BF1D745AD24}.Debug|Any CPU.ActiveCfg = Debug|Any CPU
		{5EAB28EB-9F2B-DA40-8261-6BF1D745AD24}.Debug|Any CPU.Build.0 = Debug|Any CPU
		{5EAB28EB-9F2B-DA40-8261-6BF1D745AD24}.Release|Any CPU.ActiveCfg = Release|Any CPU
		{5EAB28EB-9F2B-DA40-8261-6BF1D745AD24}.Release|Any CPU.Build.0 = Release|Any CPU
		{27B4314F-6DE4-E980-4E13-9F148ED62F97}.Debug|Any CPU.ActiveCfg = Debug|Any CPU
		{27B4314F-6DE4-E980-4E13-9F148ED62F97}.Debug|Any CPU.Build.0 = Debug|Any CPU
		{27B4314F-6DE4-E980-4E13-9F148ED62F97}.Release|Any CPU.ActiveCfg = Release|Any CPU
		{27B4314F-6DE4-E980-4E13-9F148ED62F97}.Release|Any CPU.Build.0 = Release|Any CPU
	EndGlobalSection
	GlobalSection(SolutionProperties) = preSolution
		HideSolutionNode = FALSE
	EndGlobalSection
EndGlobal
